
Microsoft Visual Studio Solution File, Format Version 12.00
# Visual Studio Version 17
VisualStudioVersion = 17.4.33213.308
MinimumVisualStudioVersion = 10.0.40219.1
Project("{9A19103F-16F7-4668-BE54-9A1E7A4F7556}") = "A_DAL", "A_DAL\A_DAL.csproj", "{B4AECA54-032D-4E91-9A35-23F2916A6ABD}"
EndProject
Project("{9A19103F-16F7-4668-BE54-9A1E7A4F7556}") = "B_BUS", "B_BUS\B_BUS.csproj", "{CC96DC05-44EF-4D58-97B2-2F55EA1B606D}"
EndProject
Project("{FAE04EC0-301F-11D3-BF4B-00C04F79EFBC}") = "C_GUI", "C_GUI\C_GUI.csproj", "{93950553-2A46-4944-A7FC-21F34571F88A}"
EndProject
Global
	GlobalSection(SolutionConfigurationPlatforms) = preSolution
		Debug|Any CPU = Debug|Any CPU
		Release|Any CPU = Release|Any CPU
	EndGlobalSection
	GlobalSection(ProjectConfigurationPlatforms) = postSolution
		{B4AECA54-032D-4E91-9A35-23F2916A6ABD}.Debug|Any CPU.ActiveCfg = Debug|Any CPU
		{B4AECA54-032D-4E91-9A35-23F2916A6ABD}.Debug|Any CPU.Build.0 = Debug|Any CPU
		{B4AECA54-032D-4E91-9A35-23F2916A6ABD}.Release|Any CPU.ActiveCfg = Release|Any CPU
		{B4AECA54-032D-4E91-9A35-23F2916A6ABD}.Release|Any CPU.Build.0 = Release|Any CPU
		{CC96DC05-44EF-4D58-97B2-2F55EA1B606D}.Debug|Any CPU.ActiveCfg = Debug|Any CPU
		{CC96DC05-44EF-4D58-97B2-2F55EA1B606D}.Debug|Any CPU.Build.0 = Debug|Any CPU
		{CC96DC05-44EF-4D58-97B2-2F55EA1B606D}.Release|Any CPU.ActiveCfg = Release|Any CPU
		{CC96DC05-44EF-4D58-97B2-2F55EA1B606D}.Release|Any CPU.Build.0 = Release|Any CPU
		{93950553-2A46-4944-A7FC-21F34571F88A}.Debug|Any CPU.ActiveCfg = Debug|Any CPU
		{93950553-2A46-4944-A7FC-21F34571F88A}.Debug|Any CPU.Build.0 = Debug|Any CPU
		{93950553-2A46-4944-A7FC-21F34571F88A}.Release|Any CPU.ActiveCfg = Release|Any CPU
		{93950553-2A46-4944-A7FC-21F34571F88A}.Release|Any CPU.Build.0 = Release|Any CPU
	EndGlobalSection
	GlobalSection(SolutionProperties) = preSolution
		HideSolutionNode = FALSE
	EndGlobalSection
	GlobalSection(ExtensibilityGlobals) = postSolution
		SolutionGuid = {33783A19-7F1A-45F4-A0F2-4AC4DFB7766D}
	EndGlobalSection
EndGlobal
